
Microsoft Visual Studio Solution File, Format Version 12.00
# Visual Studio Version 16
VisualStudioVersion = 16.0.30621.155
MinimumVisualStudioVersion = 10.0.40219.1
Project("{FAE04EC0-301F-11D3-BF4B-00C04F79EFBC}") = "MemoryManagement_Fields", "MemoryManagement_Fields\MemoryManagement_Fields.csproj", "{0083F5AD-7CE9-4742-A571-3D6C98EFAEF5}"
EndProject
Global
	GlobalSection(SolutionConfigurationPlatforms) = preSolution
		Debug|Any CPU = Debug|Any CPU
		Release|Any CPU = Release|Any CPU
	EndGlobalSection
	GlobalSection(ProjectConfigurationPlatforms) = postSolution
		{0083F5AD-7CE9-4742-A571-3D6C98EFAEF5}.Debug|Any CPU.ActiveCfg = Debug|Any CPU
		{0083F5AD-7CE9-4742-A571-3D6C98EFAEF5}.Debug|Any CPU.Build.0 = Debug|Any CPU
		{0083F5AD-7CE9-4742-A571-3D6C98EFAEF5}.Release|Any CPU.ActiveCfg = Release|Any CPU
		{0083F5AD-7CE9-4742-A571-3D6C98EFAEF5}.Release|Any CPU.Build.0 = Release|Any CPU
	EndGlobalSection
	GlobalSection(SolutionProperties) = preSolution
		HideSolutionNode = FALSE
	EndGlobalSection
	GlobalSection(ExtensibilityGlobals) = postSolution
		SolutionGuid = {1C69826A-7093-4D71-8897-D1AA80455226}
	EndGlobalSection
EndGlobal
